// !$*UTF8*$!
{
	archiveVersion = 1;
	classes = {
	};
	objectVersion = 55;
	objects = {

/* Begin PBXBuildFile section */
		222D34FF27285EE3004CC6E8 /* SignInController.swift in Sources */ = {isa = PBXBuildFile; fileRef = 222D34FE27285EE3004CC6E8 /* SignInController.swift */; };
		228225A8272445A500CBC3E2 /* AppDelegate.swift in Sources */ = {isa = PBXBuildFile; fileRef = 228225A7272445A500CBC3E2 /* AppDelegate.swift */; };
		228225AA272445A500CBC3E2 /* SceneDelegate.swift in Sources */ = {isa = PBXBuildFile; fileRef = 228225A9272445A500CBC3E2 /* SceneDelegate.swift */; };
		228225AC272445A500CBC3E2 /* ViewController.swift in Sources */ = {isa = PBXBuildFile; fileRef = 228225AB272445A500CBC3E2 /* ViewController.swift */; };
		228225AF272445A500CBC3E2 /* Main.storyboard in Resources */ = {isa = PBXBuildFile; fileRef = 228225AD272445A500CBC3E2 /* Main.storyboard */; };
		228225B1272445A600CBC3E2 /* Assets.xcassets in Resources */ = {isa = PBXBuildFile; fileRef = 228225B0272445A600CBC3E2 /* Assets.xcassets */; };
		228225B4272445A600CBC3E2 /* LaunchScreen.storyboard in Resources */ = {isa = PBXBuildFile; fileRef = 228225B2272445A600CBC3E2 /* LaunchScreen.storyboard */; };
		228225BF272445A600CBC3E2 /* App_reproductorTests.swift in Sources */ = {isa = PBXBuildFile; fileRef = 228225BE272445A600CBC3E2 /* App_reproductorTests.swift */; };
		228225C9272445A600CBC3E2 /* App_reproductorUITests.swift in Sources */ = {isa = PBXBuildFile; fileRef = 228225C8272445A600CBC3E2 /* App_reproductorUITests.swift */; };
		228225CB272445A600CBC3E2 /* App_reproductorUITestsLaunchTests.swift in Sources */ = {isa = PBXBuildFile; fileRef = 228225CA272445A600CBC3E2 /* App_reproductorUITestsLaunchTests.swift */; };
		22C7156E272D75CD0061A64D /* WelcomeController.swift in Sources */ = {isa = PBXBuildFile; fileRef = 22C7156D272D75CD0061A64D /* WelcomeController.swift */; };
		22C71573272D93950061A64D /* Model.swift in Sources */ = {isa = PBXBuildFile; fileRef = 22C71572272D93950061A64D /* Model.swift */; };
		22FE09502724670100FF7274 /* SignUpController.swift in Sources */ = {isa = PBXBuildFile; fileRef = 22FE094F2724670100FF7274 /* SignUpController.swift */; };
/* End PBXBuildFile section */

/* Begin PBXContainerItemProxy section */
		228225BB272445A600CBC3E2 /* PBXContainerItemProxy */ = {
			isa = PBXContainerItemProxy;
			containerPortal = 2282259C272445A500CBC3E2 /* Project object */;
			proxyType = 1;
			remoteGlobalIDString = 228225A3272445A500CBC3E2;
			remoteInfo = "App reproductor";
		};
		228225C5272445A600CBC3E2 /* PBXContainerItemProxy */ = {
			isa = PBXContainerItemProxy;
			containerPortal = 2282259C272445A500CBC3E2 /* Project object */;
			proxyType = 1;
			remoteGlobalIDString = 228225A3272445A500CBC3E2;
			remoteInfo = "App reproductor";
		};
/* End PBXContainerItemProxy section */

/* Begin PBXFileReference section */
		222D34FE27285EE3004CC6E8 /* SignInController.swift */ = {isa = PBXFileReference; lastKnownFileType = sourcecode.swift; path = SignInController.swift; sourceTree = "<group>"; };
		228225A4272445A500CBC3E2 /* Naranja Music.app */ = {isa = PBXFileReference; explicitFileType = wrapper.application; includeInIndex = 0; path = "Naranja Music.app"; sourceTree = BUILT_PRODUCTS_DIR; };
		228225A7272445A500CBC3E2 /* AppDelegate.swift */ = {isa = PBXFileReference; lastKnownFileType = sourcecode.swift; path = AppDelegate.swift; sourceTree = "<group>"; };
		228225A9272445A500CBC3E2 /* SceneDelegate.swift */ = {isa = PBXFileReference; lastKnownFileType = sourcecode.swift; path = SceneDelegate.swift; sourceTree = "<group>"; };
		228225AB272445A500CBC3E2 /* ViewController.swift */ = {isa = PBXFileReference; lastKnownFileType = sourcecode.swift; path = ViewController.swift; sourceTree = "<group>"; };
		228225AE272445A500CBC3E2 /* Base */ = {isa = PBXFileReference; lastKnownFileType = file.storyboard; name = Base; path = Base.lproj/Main.storyboard; sourceTree = "<group>"; };
		228225B0272445A600CBC3E2 /* Assets.xcassets */ = {isa = PBXFileReference; lastKnownFileType = folder.assetcatalog; name = Assets.xcassets; path = "App reproductor/Assets.xcassets"; sourceTree = SOURCE_ROOT; };
		228225B3272445A600CBC3E2 /* Base */ = {isa = PBXFileReference; lastKnownFileType = file.storyboard; name = Base; path = Base.lproj/LaunchScreen.storyboard; sourceTree = "<group>"; };
		228225B5272445A600CBC3E2 /* Info.plist */ = {isa = PBXFileReference; lastKnownFileType = text.plist.xml; path = Info.plist; sourceTree = "<group>"; };
		228225BA272445A600CBC3E2 /* App reproductorTests.xctest */ = {isa = PBXFileReference; explicitFileType = wrapper.cfbundle; includeInIndex = 0; path = "App reproductorTests.xctest"; sourceTree = BUILT_PRODUCTS_DIR; };
		228225BE272445A600CBC3E2 /* App_reproductorTests.swift */ = {isa = PBXFileReference; lastKnownFileType = sourcecode.swift; path = App_reproductorTests.swift; sourceTree = "<group>"; };
		228225C4272445A600CBC3E2 /* App reproductorUITests.xctest */ = {isa = PBXFileReference; explicitFileType = wrapper.cfbundle; includeInIndex = 0; path = "App reproductorUITests.xctest"; sourceTree = BUILT_PRODUCTS_DIR; };
		228225C8272445A600CBC3E2 /* App_reproductorUITests.swift */ = {isa = PBXFileReference; lastKnownFileType = sourcecode.swift; path = App_reproductorUITests.swift; sourceTree = "<group>"; };
		228225CA272445A600CBC3E2 /* App_reproductorUITestsLaunchTests.swift */ = {isa = PBXFileReference; lastKnownFileType = sourcecode.swift; path = App_reproductorUITestsLaunchTests.swift; sourceTree = "<group>"; };
		22C7156D272D75CD0061A64D /* WelcomeController.swift */ = {isa = PBXFileReference; lastKnownFileType = sourcecode.swift; path = WelcomeController.swift; sourceTree = "<group>"; };
		22C71572272D93950061A64D /* Model.swift */ = {isa = PBXFileReference; lastKnownFileType = sourcecode.swift; path = Model.swift; sourceTree = "<group>"; };
		22FE094F2724670100FF7274 /* SignUpController.swift */ = {isa = PBXFileReference; lastKnownFileType = sourcecode.swift; path = SignUpController.swift; sourceTree = "<group>"; };
/* End PBXFileReference section */

/* Begin PBXFrameworksBuildPhase section */
		228225A1272445A500CBC3E2 /* Frameworks */ = {
			isa = PBXFrameworksBuildPhase;
			buildActionMask = 2147483647;
			files = (
			);
			runOnlyForDeploymentPostprocessing = 0;
		};
		228225B7272445A600CBC3E2 /* Frameworks */ = {
			isa = PBXFrameworksBuildPhase;
			buildActionMask = 2147483647;
			files = (
			);
			runOnlyForDeploymentPostprocessing = 0;
		};
		228225C1272445A600CBC3E2 /* Frameworks */ = {
			isa = PBXFrameworksBuildPhase;
			buildActionMask = 2147483647;
			files = (
			);
			runOnlyForDeploymentPostprocessing = 0;
		};
/* End PBXFrameworksBuildPhase section */

/* Begin PBXGroup section */
		2282259B272445A500CBC3E2 = {
			isa = PBXGroup;
			children = (
				228225A6272445A500CBC3E2 /* App reproductor */,
				228225BD272445A600CBC3E2 /* App reproductorTests */,
				228225C7272445A600CBC3E2 /* App reproductorUITests */,
				228225A5272445A500CBC3E2 /* Products */,
			);
			sourceTree = "<group>";
		};
		228225A5272445A500CBC3E2 /* Products */ = {
			isa = PBXGroup;
			children = (
				228225A4272445A500CBC3E2 /* Naranja Music.app */,
				228225BA272445A600CBC3E2 /* App reproductorTests.xctest */,
				228225C4272445A600CBC3E2 /* App reproductorUITests.xctest */,
			);
			name = Products;
			sourceTree = "<group>";
		};
		228225A6272445A500CBC3E2 /* App reproductor */ = {
			isa = PBXGroup;
			children = (
				228225A7272445A500CBC3E2 /* AppDelegate.swift */,
				228225A9272445A500CBC3E2 /* SceneDelegate.swift */,
				228225AB272445A500CBC3E2 /* ViewController.swift */,
				228225AD272445A500CBC3E2 /* Main.storyboard */,
				228225B0272445A600CBC3E2 /* Assets.xcassets */,
				228225B2272445A600CBC3E2 /* LaunchScreen.storyboard */,
				228225B5272445A600CBC3E2 /* Info.plist */,
				22FE094F2724670100FF7274 /* SignUpController.swift */,
				222D34FE27285EE3004CC6E8 /* SignInController.swift */,
				22C7156D272D75CD0061A64D /* WelcomeController.swift */,
				22C71572272D93950061A64D /* Model.swift */,
			);
			path = "App reproductor";
			sourceTree = "<group>";
		};
		228225BD272445A600CBC3E2 /* App reproductorTests */ = {
			isa = PBXGroup;
			children = (
				228225BE272445A600CBC3E2 /* App_reproductorTests.swift */,
			);
			path = "App reproductorTests";
			sourceTree = "<group>";
		};
		228225C7272445A600CBC3E2 /* App reproductorUITests */ = {
			isa = PBXGroup;
			children = (
				228225C8272445A600CBC3E2 /* App_reproductorUITests.swift */,
				228225CA272445A600CBC3E2 /* App_reproductorUITestsLaunchTests.swift */,
			);
			path = "App reproductorUITests";
			sourceTree = "<group>";
		};
/* End PBXGroup section */

/* Begin PBXNativeTarget section */
		228225A3272445A500CBC3E2 /* Naranja Music */ = {
			isa = PBXNativeTarget;
			buildConfigurationList = 228225CE272445A600CBC3E2 /* Build configuration list for PBXNativeTarget "Naranja Music" */;
			buildPhases = (
				228225A0272445A500CBC3E2 /* Sources */,
				228225A1272445A500CBC3E2 /* Frameworks */,
				228225A2272445A500CBC3E2 /* Resources */,
			);
			buildRules = (
			);
			dependencies = (
			);
			name = "Naranja Music";
			productName = "App reproductor";
			productReference = 228225A4272445A500CBC3E2 /* Naranja Music.app */;
			productType = "com.apple.product-type.application";
		};
		228225B9272445A600CBC3E2 /* App reproductorTests */ = {
			isa = PBXNativeTarget;
			buildConfigurationList = 228225D1272445A600CBC3E2 /* Build configuration list for PBXNativeTarget "App reproductorTests" */;
			buildPhases = (
				228225B6272445A600CBC3E2 /* Sources */,
				228225B7272445A600CBC3E2 /* Frameworks */,
				228225B8272445A600CBC3E2 /* Resources */,
			);
			buildRules = (
			);
			dependencies = (
				228225BC272445A600CBC3E2 /* PBXTargetDependency */,
			);
			name = "App reproductorTests";
			productName = "App reproductorTests";
			productReference = 228225BA272445A600CBC3E2 /* App reproductorTests.xctest */;
			productType = "com.apple.product-type.bundle.unit-test";
		};
		228225C3272445A600CBC3E2 /* App reproductorUITests */ = {
			isa = PBXNativeTarget;
			buildConfigurationList = 228225D4272445A600CBC3E2 /* Build configuration list for PBXNativeTarget "App reproductorUITests" */;
			buildPhases = (
				228225C0272445A600CBC3E2 /* Sources */,
				228225C1272445A600CBC3E2 /* Frameworks */,
				228225C2272445A600CBC3E2 /* Resources */,
			);
			buildRules = (
			);
			dependencies = (
				228225C6272445A600CBC3E2 /* PBXTargetDependency */,
			);
			name = "App reproductorUITests";
			productName = "App reproductorUITests";
			productReference = 228225C4272445A600CBC3E2 /* App reproductorUITests.xctest */;
			productType = "com.apple.product-type.bundle.ui-testing";
		};
/* End PBXNativeTarget section */

/* Begin PBXProject section */
		2282259C272445A500CBC3E2 /* Project object */ = {
			isa = PBXProject;
			attributes = {
				BuildIndependentTargetsInParallel = 1;
				LastSwiftUpdateCheck = 1300;
				LastUpgradeCheck = 1300;
				TargetAttributes = {
					228225A3272445A500CBC3E2 = {
						CreatedOnToolsVersion = 13.0;
					};
					228225B9272445A600CBC3E2 = {
						CreatedOnToolsVersion = 13.0;
						TestTargetID = 228225A3272445A500CBC3E2;
					};
					228225C3272445A600CBC3E2 = {
						CreatedOnToolsVersion = 13.0;
						TestTargetID = 228225A3272445A500CBC3E2;
					};
				};
			};
			buildConfigurationList = 2282259F272445A500CBC3E2 /* Build configuration list for PBXProject "App reproductor" */;
			compatibilityVersion = "Xcode 13.0";
			developmentRegion = en;
			hasScannedForEncodings = 0;
			knownRegions = (
				en,
				Base,
			);
			mainGroup = 2282259B272445A500CBC3E2;
			productRefGroup = 228225A5272445A500CBC3E2 /* Products */;
			projectDirPath = "";
			projectRoot = "";
			targets = (
				228225A3272445A500CBC3E2 /* Naranja Music */,
				228225B9272445A600CBC3E2 /* App reproductorTests */,
				228225C3272445A600CBC3E2 /* App reproductorUITests */,
			);
		};
/* End PBXProject section */

/* Begin PBXResourcesBuildPhase section */
		228225A2272445A500CBC3E2 /* Resources */ = {
			isa = PBXResourcesBuildPhase;
			buildActionMask = 2147483647;
			files = (
				228225B4272445A600CBC3E2 /* LaunchScreen.storyboard in Resources */,
				228225B1272445A600CBC3E2 /* Assets.xcassets in Resources */,
				228225AF272445A500CBC3E2 /* Main.storyboard in Resources */,
			);
			runOnlyForDeploymentPostprocessing = 0;
		};
		228225B8272445A600CBC3E2 /* Resources */ = {
			isa = PBXResourcesBuildPhase;
			buildActionMask = 2147483647;
			files = (
			);
			runOnlyForDeploymentPostprocessing = 0;
		};
		228225C2272445A600CBC3E2 /* Resources */ = {
			isa = PBXResourcesBuildPhase;
			buildActionMask = 2147483647;
			files = (
			);
			runOnlyForDeploymentPostprocessing = 0;
		};
/* End PBXResourcesBuildPhase section */

/* Begin PBXSourcesBuildPhase section */
		228225A0272445A500CBC3E2 /* Sources */ = {
			isa = PBXSourcesBuildPhase;
			buildActionMask = 2147483647;
			files = (
				22C71573272D93950061A64D /* Model.swift in Sources */,
				22C7156E272D75CD0061A64D /* WelcomeController.swift in Sources */,
				228225AC272445A500CBC3E2 /* ViewController.swift in Sources */,
				228225A8272445A500CBC3E2 /* AppDelegate.swift in Sources */,
				228225AA272445A500CBC3E2 /* SceneDelegate.swift in Sources */,
				222D34FF27285EE3004CC6E8 /* SignInController.swift in Sources */,
				22FE09502724670100FF7274 /* SignUpController.swift in Sources */,
			);
			runOnlyForDeploymentPostprocessing = 0;
		};
		228225B6272445A600CBC3E2 /* Sources */ = {
			isa = PBXSourcesBuildPhase;
			buildActionMask = 2147483647;
			files = (
				228225BF272445A600CBC3E2 /* App_reproductorTests.swift in Sources */,
			);
			runOnlyForDeploymentPostprocessing = 0;
		};
		228225C0272445A600CBC3E2 /* Sources */ = {
			isa = PBXSourcesBuildPhase;
			buildActionMask = 2147483647;
			files = (
				228225CB272445A600CBC3E2 /* App_reproductorUITestsLaunchTests.swift in Sources */,
				228225C9272445A600CBC3E2 /* App_reproductorUITests.swift in Sources */,
			);
			runOnlyForDeploymentPostprocessing = 0;
		};
/* End PBXSourcesBuildPhase section */

/* Begin PBXTargetDependency section */
		228225BC272445A600CBC3E2 /* PBXTargetDependency */ = {
			isa = PBXTargetDependency;
			target = 228225A3272445A500CBC3E2 /* Naranja Music */;
			targetProxy = 228225BB272445A600CBC3E2 /* PBXContainerItemProxy */;
		};
		228225C6272445A600CBC3E2 /* PBXTargetDependency */ = {
			isa = PBXTargetDependency;
			target = 228225A3272445A500CBC3E2 /* Naranja Music */;
			targetProxy = 228225C5272445A600CBC3E2 /* PBXContainerItemProxy */;
		};
/* End PBXTargetDependency section */

/* Begin PBXVariantGroup section */
		228225AD272445A500CBC3E2 /* Main.storyboard */ = {
			isa = PBXVariantGroup;
			children = (
				228225AE272445A500CBC3E2 /* Base */,
			);
			name = Main.storyboard;
			sourceTree = "<group>";
		};
		228225B2272445A600CBC3E2 /* LaunchScreen.storyboard */ = {
			isa = PBXVariantGroup;
			children = (
				228225B3272445A600CBC3E2 /* Base */,
			);
			name = LaunchScreen.storyboard;
			sourceTree = "<group>";
		};
/* End PBXVariantGroup section */

/* Begin XCBuildConfiguration section */
		228225CC272445A600CBC3E2 /* Debug */ = {
			isa = XCBuildConfiguration;
			buildSettings = {
				ALWAYS_SEARCH_USER_PATHS = NO;
				CLANG_ANALYZER_NONNULL = YES;
				CLANG_ANALYZER_NUMBER_OBJECT_CONVERSION = YES_AGGRESSIVE;
				CLANG_CXX_LANGUAGE_STANDARD = "gnu++17";
				CLANG_CXX_LIBRARY = "libc++";
				CLANG_ENABLE_MODULES = YES;
				CLANG_ENABLE_OBJC_ARC = YES;
				CLANG_ENABLE_OBJC_WEAK = YES;
				CLANG_WARN_BLOCK_CAPTURE_AUTORELEASING = YES;
				CLANG_WARN_BOOL_CONVERSION = YES;
				CLANG_WARN_COMMA = YES;
				CLANG_WARN_CONSTANT_CONVERSION = YES;
				CLANG_WARN_DEPRECATED_OBJC_IMPLEMENTATIONS = YES;
				CLANG_WARN_DIRECT_OBJC_ISA_USAGE = YES_ERROR;
				CLANG_WARN_DOCUMENTATION_COMMENTS = YES;
				CLANG_WARN_EMPTY_BODY = YES;
				CLANG_WARN_ENUM_CONVERSION = YES;
				CLANG_WARN_INFINITE_RECURSION = YES;
				CLANG_WARN_INT_CONVERSION = YES;
				CLANG_WARN_NON_LITERAL_NULL_CONVERSION = YES;
				CLANG_WARN_OBJC_IMPLICIT_RETAIN_SELF = YES;
				CLANG_WARN_OBJC_LITERAL_CONVERSION = YES;
				CLANG_WARN_OBJC_ROOT_CLASS = YES_ERROR;
				CLANG_WARN_QUOTED_INCLUDE_IN_FRAMEWORK_HEADER = YES;
				CLANG_WARN_RANGE_LOOP_ANALYSIS = YES;
				CLANG_WARN_STRICT_PROTOTYPES = YES;
				CLANG_WARN_SUSPICIOUS_MOVE = YES;
				CLANG_WARN_UNGUARDED_AVAILABILITY = YES_AGGRESSIVE;
				CLANG_WARN_UNREACHABLE_CODE = YES;
				CLANG_WARN__DUPLICATE_METHOD_MATCH = YES;
				COPY_PHASE_STRIP = NO;
				DEBUG_INFORMATION_FORMAT = dwarf;
				ENABLE_STRICT_OBJC_MSGSEND = YES;
				ENABLE_TESTABILITY = YES;
				GCC_C_LANGUAGE_STANDARD = gnu11;
				GCC_DYNAMIC_NO_PIC = NO;
				GCC_NO_COMMON_BLOCKS = YES;
				GCC_OPTIMIZATION_LEVEL = 0;
				GCC_PREPROCESSOR_DEFINITIONS = (
					"DEBUG=1",
					"$(inherited)",
				);
				GCC_WARN_64_TO_32_BIT_CONVERSION = YES;
				GCC_WARN_ABOUT_RETURN_TYPE = YES_ERROR;
				GCC_WARN_UNDECLARED_SELECTOR = YES;
				GCC_WARN_UNINITIALIZED_AUTOS = YES_AGGRESSIVE;
				GCC_WARN_UNUSED_FUNCTION = YES;
				GCC_WARN_UNUSED_VARIABLE = YES;
				IPHONEOS_DEPLOYMENT_TARGET = 15.0;
				MTL_ENABLE_DEBUG_INFO = INCLUDE_SOURCE;
				MTL_FAST_MATH = YES;
				ONLY_ACTIVE_ARCH = YES;
				SDKROOT = iphoneos;
				SWIFT_ACTIVE_COMPILATION_CONDITIONS = DEBUG;
				SWIFT_OPTIMIZATION_LEVEL = "-Onone";
			};
			name = Debug;
		};
		228225CD272445A600CBC3E2 /* Release */ = {
			isa = XCBuildConfiguration;
			buildSettings = {
				ALWAYS_SEARCH_USER_PATHS = NO;
				CLANG_ANALYZER_NONNULL = YES;
				CLANG_ANALYZER_NUMBER_OBJECT_CONVERSION = YES_AGGRESSIVE;
				CLANG_CXX_LANGUAGE_STANDARD = "gnu++17";
				CLANG_CXX_LIBRARY = "libc++";
				CLANG_ENABLE_MODULES = YES;
				CLANG_ENABLE_OBJC_ARC = YES;
				CLANG_ENABLE_OBJC_WEAK = YES;
				CLANG_WARN_BLOCK_CAPTURE_AUTORELEASING = YES;
				CLANG_WARN_BOOL_CONVERSION = YES;
				CLANG_WARN_COMMA = YES;
				CLANG_WARN_CONSTANT_CONVERSION = YES;
				CLANG_WARN_DEPRECATED_OBJC_IMPLEMENTATIONS = YES;
				CLANG_WARN_DIRECT_OBJC_ISA_USAGE = YES_ERROR;
				CLANG_WARN_DOCUMENTATION_COMMENTS = YES;
				CLANG_WARN_EMPTY_BODY = YES;
				CLANG_WARN_ENUM_CONVERSION = YES;
				CLANG_WARN_INFINITE_RECURSION = YES;
				CLANG_WARN_INT_CONVERSION = YES;
				CLANG_WARN_NON_LITERAL_NULL_CONVERSION = YES;
				CLANG_WARN_OBJC_IMPLICIT_RETAIN_SELF = YES;
				CLANG_WARN_OBJC_LITERAL_CONVERSION = YES;
				CLANG_WARN_OBJC_ROOT_CLASS = YES_ERROR;
				CLANG_WARN_QUOTED_INCLUDE_IN_FRAMEWORK_HEADER = YES;
				CLANG_WARN_RANGE_LOOP_ANALYSIS = YES;
				CLANG_WARN_STRICT_PROTOTYPES = YES;
				CLANG_WARN_SUSPICIOUS_MOVE = YES;
				CLANG_WARN_UNGUARDED_AVAILABILITY = YES_AGGRESSIVE;
				CLANG_WARN_UNREACHABLE_CODE = YES;
				CLANG_WARN__DUPLICATE_METHOD_MATCH = YES;
				COPY_PHASE_STRIP = NO;
				DEBUG_INFORMATION_FORMAT = "dwarf-with-dsym";
				ENABLE_NS_ASSERTIONS = NO;
				ENABLE_STRICT_OBJC_MSGSEND = YES;
				GCC_C_LANGUAGE_STANDARD = gnu11;
				GCC_NO_COMMON_BLOCKS = YES;
				GCC_WARN_64_TO_32_BIT_CONVERSION = YES;
				GCC_WARN_ABOUT_RETURN_TYPE = YES_ERROR;
				GCC_WARN_UNDECLARED_SELECTOR = YES;
				GCC_WARN_UNINITIALIZED_AUTOS = YES_AGGRESSIVE;
				GCC_WARN_UNUSED_FUNCTION = YES;
				GCC_WARN_UNUSED_VARIABLE = YES;
				IPHONEOS_DEPLOYMENT_TARGET = 15.0;
				MTL_ENABLE_DEBUG_INFO = NO;
				MTL_FAST_MATH = YES;
				SDKROOT = iphoneos;
				SWIFT_COMPILATION_MODE = wholemodule;
				SWIFT_OPTIMIZATION_LEVEL = "-O";
				VALIDATE_PRODUCT = YES;
			};
			name = Release;
		};
		228225CF272445A600CBC3E2 /* Debug */ = {
			isa = XCBuildConfiguration;
			buildSettings = {
				ASSETCATALOG_COMPILER_APPICON_NAME = AppIcon;
				ASSETCATALOG_COMPILER_GLOBAL_ACCENT_COLOR_NAME = AccentColor;
				ASSETCATALOG_COMPILER_INCLUDE_ALL_APPICON_ASSETS = YES;
				CODE_SIGN_STYLE = Automatic;
				CURRENT_PROJECT_VERSION = 1;
				DEVELOPMENT_TEAM = 6PTSGN23VN;
				GENERATE_INFOPLIST_FILE = YES;
				INFOPLIST_FILE = "App reproductor/Info.plist";
				INFOPLIST_KEY_CFBundleDisplayName = "Naranja Music";
				INFOPLIST_KEY_UIApplicationSupportsIndirectInputEvents = YES;
				INFOPLIST_KEY_UILaunchStoryboardName = LaunchScreen;
				INFOPLIST_KEY_UIMainStoryboardFile = Main;
				INFOPLIST_KEY_UISupportedInterfaceOrientations_iPad = "UIInterfaceOrientationPortrait UIInterfaceOrientationPortraitUpsideDown UIInterfaceOrientationLandscapeLeft UIInterfaceOrientationLandscapeRight";
				INFOPLIST_KEY_UISupportedInterfaceOrientations_iPhone = "UIInterfaceOrientationPortrait UIInterfaceOrientationLandscapeLeft UIInterfaceOrientationLandscapeRight";
				LD_RUNPATH_SEARCH_PATHS = (
					"$(inherited)",
					"@executable_path/Frameworks",
				);
				MARKETING_VERSION = 1.0;
				PRODUCT_BUNDLE_IDENTIFIER = "com.Naranjita.example.App-reproductor";
				PRODUCT_NAME = "$(TARGET_NAME)";
				SWIFT_EMIT_LOC_STRINGS = YES;
				SWIFT_VERSION = 5.0;
				TARGETED_DEVICE_FAMILY = "1,2";
			};
			name = Debug;
		};
		228225D0272445A600CBC3E2 /* Release */ = {
			isa = XCBuildConfiguration;
			buildSettings = {
				ASSETCATALOG_COMPILER_APPICON_NAME = AppIcon;
				ASSETCATALOG_COMPILER_GLOBAL_ACCENT_COLOR_NAME = AccentColor;
				ASSETCATALOG_COMPILER_INCLUDE_ALL_APPICON_ASSETS = YES;
				CODE_SIGN_STYLE = Automatic;
				CURRENT_PROJECT_VERSION = 1;
				DEVELOPMENT_TEAM = 6PTSGN23VN;
				GENERATE_INFOPLIST_FILE = YES;
				INFOPLIST_FILE = "App reproductor/Info.plist";
				INFOPLIST_KEY_CFBundleDisplayName = "Naranja Music";
				INFOPLIST_KEY_UIApplicationSupportsIndirectInputEvents = YES;
				INFOPLIST_KEY_UILaunchStoryboardName = LaunchScreen;
				INFOPLIST_KEY_UIMainStoryboardFile = Main;
				INFOPLIST_KEY_UISupportedInterfaceOrientations_iPad = "UIInterfaceOrientationPortrait UIInterfaceOrientationPortraitUpsideDown UIInterfaceOrientationLandscapeLeft UIInterfaceOrientationLandscapeRight";
				INFOPLIST_KEY_UISupportedInterfaceOrientations_iPhone = "UIInterfaceOrientationPortrait UIInterfaceOrientationLandscapeLeft UIInterfaceOrientationLandscapeRight";
				LD_RUNPATH_SEARCH_PATHS = (
					"$(inherited)",
					"@executable_path/Frameworks",
				);
				MARKETING_VERSION = 1.0;
				PRODUCT_BUNDLE_IDENTIFIER = "com.Naranjita.example.App-reproductor";
				PRODUCT_NAME = "$(TARGET_NAME)";
				SWIFT_EMIT_LOC_STRINGS = YES;
				SWIFT_VERSION = 5.0;
				TARGETED_DEVICE_FAMILY = "1,2";
			};
			name = Release;
		};
		228225D2272445A600CBC3E2 /* Debug */ = {
			isa = XCBuildConfiguration;
			buildSettings = {
				ALWAYS_EMBED_SWIFT_STANDARD_LIBRARIES = YES;
				BUNDLE_LOADER = "$(TEST_HOST)";
				CODE_SIGN_STYLE = Automatic;
				CURRENT_PROJECT_VERSION = 1;
				GENERATE_INFOPLIST_FILE = YES;
				IPHONEOS_DEPLOYMENT_TARGET = 15.0;
				LD_RUNPATH_SEARCH_PATHS = (
					"$(inherited)",
					"@executable_path/Frameworks",
					"@loader_path/Frameworks",
				);
				MARKETING_VERSION = 1.0;
				PRODUCT_BUNDLE_IDENTIFIER = "com.Naranjita.example.App-reproductorTests";
				PRODUCT_NAME = "$(TARGET_NAME)";
				SWIFT_EMIT_LOC_STRINGS = NO;
				SWIFT_VERSION = 5.0;
				TARGETED_DEVICE_FAMILY = "1,2";
				TEST_HOST = "$(BUILT_PRODUCTS_DIR)/App reproductor.app/App reproductor";
			};
			name = Debug;
		};
		228225D3272445A600CBC3E2 /* Release */ = {
			isa = XCBuildConfiguration;
			buildSettings = {
				ALWAYS_EMBED_SWIFT_STANDARD_LIBRARIES = YES;
				BUNDLE_LOADER = "$(TEST_HOST)";
				CODE_SIGN_STYLE = Automatic;
				CURRENT_PROJECT_VERSION = 1;
				GENERATE_INFOPLIST_FILE = YES;
				IPHONEOS_DEPLOYMENT_TARGET = 15.0;
				LD_RUNPATH_SEARCH_PATHS = (
					"$(inherited)",
					"@executable_path/Frameworks",
					"@loader_path/Frameworks",
				);
				MARKETING_VERSION = 1.0;
				PRODUCT_BUNDLE_IDENTIFIER = "com.Naranjita.example.App-reproductorTests";
				PRODUCT_NAME = "$(TARGET_NAME)";
				SWIFT_EMIT_LOC_STRINGS = NO;
				SWIFT_VERSION = 5.0;
				TARGETED_DEVICE_FAMILY = "1,2";
				TEST_HOST = "$(BUILT_PRODUCTS_DIR)/App reproductor.app/App reproductor";
			};
			name = Release;
		};
		228225D5272445A600CBC3E2 /* Debug */ = {
			isa = XCBuildConfiguration;
			buildSettings = {
				ALWAYS_EMBED_SWIFT_STANDARD_LIBRARIES = YES;
				CODE_SIGN_STYLE = Automatic;
				CURRENT_PROJECT_VERSION = 1;
				GENERATE_INFOPLIST_FILE = YES;
				LD_RUNPATH_SEARCH_PATHS = (
					"$(inherited)",
					"@executable_path/Frameworks",
					"@loader_path/Frameworks",
				);
				MARKETING_VERSION = 1.0;
				PRODUCT_BUNDLE_IDENTIFIER = "com.Naranjita.example.App-reproductorUITests";
				PRODUCT_NAME = "$(TARGET_NAME)";
				SWIFT_EMIT_LOC_STRINGS = NO;
				SWIFT_VERSION = 5.0;
				TARGETED_DEVICE_FAMILY = "1,2";
				TEST_TARGET_NAME = "App reproductor";
			};
			name = Debug;
		};
		228225D6272445A600CBC3E2 /* Release */ = {
			isa = XCBuildConfiguration;
			buildSettings = {
				ALWAYS_EMBED_SWIFT_STANDARD_LIBRARIES = YES;
				CODE_SIGN_STYLE = Automatic;
				CURRENT_PROJECT_VERSION = 1;
				GENERATE_INFOPLIST_FILE = YES;
				LD_RUNPATH_SEARCH_PATHS = (
					"$(inherited)",
					"@executable_path/Frameworks",
					"@loader_path/Frameworks",
				);
				MARKETING_VERSION = 1.0;
				PRODUCT_BUNDLE_IDENTIFIER = "com.Naranjita.example.App-reproductorUITests";
				PRODUCT_NAME = "$(TARGET_NAME)";
				SWIFT_EMIT_LOC_STRINGS = NO;
				SWIFT_VERSION = 5.0;
				TARGETED_DEVICE_FAMILY = "1,2";
				TEST_TARGET_NAME = "App reproductor";
			};
			name = Release;
		};
/* End XCBuildConfiguration section */

/* Begin XCConfigurationList section */
		2282259F272445A500CBC3E2 /* Build configuration list for PBXProject "App reproductor" */ = {
			isa = XCConfigurationList;
			buildConfigurations = (
				228225CC272445A600CBC3E2 /* Debug */,
				228225CD272445A600CBC3E2 /* Release */,
			);
			defaultConfigurationIsVisible = 0;
			defaultConfigurationName = Release;
		};
		228225CE272445A600CBC3E2 /* Build configuration list for PBXNativeTarget "Naranja Music" */ = {
			isa = XCConfigurationList;
			buildConfigurations = (
				228225CF272445A600CBC3E2 /* Debug */,
				228225D0272445A600CBC3E2 /* Release */,
			);
			defaultConfigurationIsVisible = 0;
			defaultConfigurationName = Release;
		};
		228225D1272445A600CBC3E2 /* Build configuration list for PBXNativeTarget "App reproductorTests" */ = {
			isa = XCConfigurationList;
			buildConfigurations = (
				228225D2272445A600CBC3E2 /* Debug */,
				228225D3272445A600CBC3E2 /* Release */,
			);
			defaultConfigurationIsVisible = 0;
			defaultConfigurationName = Release;
		};
		228225D4272445A600CBC3E2 /* Build configuration list for PBXNativeTarget "App reproductorUITests" */ = {
			isa = XCConfigurationList;
			buildConfigurations = (
				228225D5272445A600CBC3E2 /* Debug */,
				228225D6272445A600CBC3E2 /* Release */,
			);
			defaultConfigurationIsVisible = 0;
			defaultConfigurationName = Release;
		};
/* End XCConfigurationList section */
	};
	rootObject = 2282259C272445A500CBC3E2 /* Project object */;
}
